// !$*UTF8*$!
{
	archiveVersion = 1;
	classes = {
	};
	objectVersion = 56;
	objects = {

/* Begin PBXBuildFile section */
		430247B02974410E0055E4F1 /* PhotoPickerView.swift in Sources */ = {isa = PBXBuildFile; fileRef = 430247AF2974410E0055E4F1 /* PhotoPickerView.swift */; };
		430247B2297441270055E4F1 /* PhotoPicker.swift in Sources */ = {isa = PBXBuildFile; fileRef = 430247B1297441270055E4F1 /* PhotoPicker.swift */; };
		430247B629750E8D0055E4F1 /* AnimationsView.swift in Sources */ = {isa = PBXBuildFile; fileRef = 430247B529750E8D0055E4F1 /* AnimationsView.swift */; };
		430247B8297534F70055E4F1 /* Common.swift in Sources */ = {isa = PBXBuildFile; fileRef = 430247B7297534F70055E4F1 /* Common.swift */; };
		43B36B092972F02D002C17DA /* MainViewModel.swift in Sources */ = {isa = PBXBuildFile; fileRef = 43B36B082972F02D002C17DA /* MainViewModel.swift */; };
		43B36B122972F668002C17DA /* FeatureCategories.swift in Sources */ = {isa = PBXBuildFile; fileRef = 43B36B112972F668002C17DA /* FeatureCategories.swift */; };
		43B36B1929730907002C17DA /* GradientView.swift in Sources */ = {isa = PBXBuildFile; fileRef = 43B36B1829730907002C17DA /* GradientView.swift */; };
		43B36B1D2973B30A002C17DA /* GradientViewModel.swift in Sources */ = {isa = PBXBuildFile; fileRef = 43B36B1C2973B30A002C17DA /* GradientViewModel.swift */; };
		43B36B202973C80F002C17DA /* ChartView.swift in Sources */ = {isa = PBXBuildFile; fileRef = 43B36B1F2973C80F002C17DA /* ChartView.swift */; };
		43B36B232973C879002C17DA /* MonthViews.swift in Sources */ = {isa = PBXBuildFile; fileRef = 43B36B222973C879002C17DA /* MonthViews.swift */; };
		43B36B262973C92E002C17DA /* FeatureDetailView.swift in Sources */ = {isa = PBXBuildFile; fileRef = 43B36B252973C92E002C17DA /* FeatureDetailView.swift */; };
		43B36B292973CA15002C17DA /* UnitPointChoice.swift in Sources */ = {isa = PBXBuildFile; fileRef = 43B36B282973CA15002C17DA /* UnitPointChoice.swift */; };
		43B36B2E2973CA99002C17DA /* ChartViewModel.swift in Sources */ = {isa = PBXBuildFile; fileRef = 43B36B2D2973CA99002C17DA /* ChartViewModel.swift */; };
		43B36B322973CB98002C17DA /* DateExtension.swift in Sources */ = {isa = PBXBuildFile; fileRef = 43B36B312973CB98002C17DA /* DateExtension.swift */; };
		43F4C7382972CA880002FEEF /* NateApp.swift in Sources */ = {isa = PBXBuildFile; fileRef = 43F4C7372972CA880002FEEF /* NateApp.swift */; };
		43F4C73A2972CA880002FEEF /* FeatureListView.swift in Sources */ = {isa = PBXBuildFile; fileRef = 43F4C7392972CA880002FEEF /* FeatureListView.swift */; };
		43F4C73C2972CA8A0002FEEF /* Assets.xcassets in Resources */ = {isa = PBXBuildFile; fileRef = 43F4C73B2972CA8A0002FEEF /* Assets.xcassets */; };
		43F4C73F2972CA8A0002FEEF /* Preview Assets.xcassets in Resources */ = {isa = PBXBuildFile; fileRef = 43F4C73E2972CA8A0002FEEF /* Preview Assets.xcassets */; };
/* End PBXBuildFile section */

/* Begin PBXFileReference section */
		430247AF2974410E0055E4F1 /* PhotoPickerView.swift */ = {isa = PBXFileReference; lastKnownFileType = sourcecode.swift; path = PhotoPickerView.swift; sourceTree = "<group>"; };
		430247B1297441270055E4F1 /* PhotoPicker.swift */ = {isa = PBXFileReference; lastKnownFileType = sourcecode.swift; path = PhotoPicker.swift; sourceTree = "<group>"; };
		430247B529750E8D0055E4F1 /* AnimationsView.swift */ = {isa = PBXFileReference; lastKnownFileType = sourcecode.swift; path = AnimationsView.swift; sourceTree = "<group>"; };
		430247B7297534F70055E4F1 /* Common.swift */ = {isa = PBXFileReference; lastKnownFileType = sourcecode.swift; path = Common.swift; sourceTree = "<group>"; };
		43B36B082972F02D002C17DA /* MainViewModel.swift */ = {isa = PBXFileReference; lastKnownFileType = sourcecode.swift; path = MainViewModel.swift; sourceTree = "<group>"; };
		43B36B112972F668002C17DA /* FeatureCategories.swift */ = {isa = PBXFileReference; lastKnownFileType = sourcecode.swift; path = FeatureCategories.swift; sourceTree = "<group>"; };
		43B36B1829730907002C17DA /* GradientView.swift */ = {isa = PBXFileReference; lastKnownFileType = sourcecode.swift; path = GradientView.swift; sourceTree = "<group>"; };
		43B36B1C2973B30A002C17DA /* GradientViewModel.swift */ = {isa = PBXFileReference; lastKnownFileType = sourcecode.swift; path = GradientViewModel.swift; sourceTree = "<group>"; };
		43B36B1F2973C80F002C17DA /* ChartView.swift */ = {isa = PBXFileReference; lastKnownFileType = sourcecode.swift; path = ChartView.swift; sourceTree = "<group>"; };
		43B36B222973C879002C17DA /* MonthViews.swift */ = {isa = PBXFileReference; lastKnownFileType = sourcecode.swift; path = MonthViews.swift; sourceTree = "<group>"; };
		43B36B252973C92E002C17DA /* FeatureDetailView.swift */ = {isa = PBXFileReference; lastKnownFileType = sourcecode.swift; path = FeatureDetailView.swift; sourceTree = "<group>"; };
		43B36B282973CA15002C17DA /* UnitPointChoice.swift */ = {isa = PBXFileReference; lastKnownFileType = sourcecode.swift; path = UnitPointChoice.swift; sourceTree = "<group>"; };
		43B36B2D2973CA99002C17DA /* ChartViewModel.swift */ = {isa = PBXFileReference; lastKnownFileType = sourcecode.swift; path = ChartViewModel.swift; sourceTree = "<group>"; };
		43B36B312973CB98002C17DA /* DateExtension.swift */ = {isa = PBXFileReference; lastKnownFileType = sourcecode.swift; path = DateExtension.swift; sourceTree = "<group>"; };
		43F4C7342972CA880002FEEF /* NateApp.app */ = {isa = PBXFileReference; explicitFileType = wrapper.application; includeInIndex = 0; path = NateApp.app; sourceTree = BUILT_PRODUCTS_DIR; };
		43F4C7372972CA880002FEEF /* NateApp.swift */ = {isa = PBXFileReference; lastKnownFileType = sourcecode.swift; path = NateApp.swift; sourceTree = "<group>"; };
		43F4C7392972CA880002FEEF /* FeatureListView.swift */ = {isa = PBXFileReference; lastKnownFileType = sourcecode.swift; path = FeatureListView.swift; sourceTree = "<group>"; };
		43F4C73B2972CA8A0002FEEF /* Assets.xcassets */ = {isa = PBXFileReference; lastKnownFileType = folder.assetcatalog; path = Assets.xcassets; sourceTree = "<group>"; };
		43F4C73E2972CA8A0002FEEF /* Preview Assets.xcassets */ = {isa = PBXFileReference; lastKnownFileType = folder.assetcatalog; path = "Preview Assets.xcassets"; sourceTree = "<group>"; };
/* End PBXFileReference section */

/* Begin PBXFrameworksBuildPhase section */
		43F4C7312972CA880002FEEF /* Frameworks */ = {
			isa = PBXFrameworksBuildPhase;
			buildActionMask = 2147483647;
			files = (
			);
			runOnlyForDeploymentPostprocessing = 0;
		};
/* End PBXFrameworksBuildPhase section */

/* Begin PBXGroup section */
		430247AE297440F70055E4F1 /* PhotoPicker */ = {
			isa = PBXGroup;
			children = (
				430247AF2974410E0055E4F1 /* PhotoPickerView.swift */,
				430247B1297441270055E4F1 /* PhotoPicker.swift */,
			);
			path = PhotoPicker;
			sourceTree = "<group>";
		};
		430247B329750BDC0055E4F1 /* Animations */ = {
			isa = PBXGroup;
			children = (
				430247B529750E8D0055E4F1 /* AnimationsView.swift */,
			);
			path = Animations;
			sourceTree = "<group>";
		};
		43B36B0A2972F032002C17DA /* MainView */ = {
			isa = PBXGroup;
			children = (
				43B36B0B2972F20A002C17DA /* Models */,
				43B36B0D2972F215002C17DA /* ViewModels */,
				43B36B0C2972F211002C17DA /* Views */,
			);
			path = MainView;
			sourceTree = "<group>";
		};
		43B36B0B2972F20A002C17DA /* Models */ = {
			isa = PBXGroup;
			children = (
				43B36B112972F668002C17DA /* FeatureCategories.swift */,
			);
			path = Models;
			sourceTree = "<group>";
		};
		43B36B0C2972F211002C17DA /* Views */ = {
			isa = PBXGroup;
			children = (
				43F4C7392972CA880002FEEF /* FeatureListView.swift */,
				43B36B252973C92E002C17DA /* FeatureDetailView.swift */,
			);
			path = Views;
			sourceTree = "<group>";
		};
		43B36B0D2972F215002C17DA /* ViewModels */ = {
			isa = PBXGroup;
			children = (
				43B36B082972F02D002C17DA /* MainViewModel.swift */,
			);
			path = ViewModels;
			sourceTree = "<group>";
		};
		43B36B16297308DF002C17DA /* Features */ = {
			isa = PBXGroup;
			children = (
				430247B329750BDC0055E4F1 /* Animations */,
				43B36B1E2973C7E9002C17DA /* Charts */,
				43B36B17297308E7002C17DA /* Gradients */,
				430247AE297440F70055E4F1 /* PhotoPicker */,
			);
			path = Features;
			sourceTree = "<group>";
		};
		43B36B17297308E7002C17DA /* Gradients */ = {
			isa = PBXGroup;
			children = (
				43B36B272973CA04002C17DA /* Models */,
				43B36B1A2973B2ED002C17DA /* ViewModels */,
				43B36B1B2973B2F7002C17DA /* Views */,
			);
			path = Gradients;
			sourceTree = "<group>";
		};
		43B36B1A2973B2ED002C17DA /* ViewModels */ = {
			isa = PBXGroup;
			children = (
				43B36B1C2973B30A002C17DA /* GradientViewModel.swift */,
			);
			path = ViewModels;
			sourceTree = "<group>";
		};
		43B36B1B2973B2F7002C17DA /* Views */ = {
			isa = PBXGroup;
			children = (
				43B36B1829730907002C17DA /* GradientView.swift */,
			);
			path = Views;
			sourceTree = "<group>";
		};
		43B36B1E2973C7E9002C17DA /* Charts */ = {
			isa = PBXGroup;
			children = (
				43B36B212973C868002C17DA /* Models */,
				43B36B2C2973CA8D002C17DA /* ViewModels */,
				43B36B242973C888002C17DA /* Views */,
			);
			path = Charts;
			sourceTree = "<group>";
		};
		43B36B212973C868002C17DA /* Models */ = {
			isa = PBXGroup;
			children = (
				43B36B222973C879002C17DA /* MonthViews.swift */,
			);
			path = Models;
			sourceTree = "<group>";
		};
		43B36B242973C888002C17DA /* Views */ = {
			isa = PBXGroup;
			children = (
				43B36B1F2973C80F002C17DA /* ChartView.swift */,
			);
			path = Views;
			sourceTree = "<group>";
		};
		43B36B272973CA04002C17DA /* Models */ = {
			isa = PBXGroup;
			children = (
				43B36B282973CA15002C17DA /* UnitPointChoice.swift */,
			);
			path = Models;
			sourceTree = "<group>";
		};
		43B36B2C2973CA8D002C17DA /* ViewModels */ = {
			isa = PBXGroup;
			children = (
				43B36B2D2973CA99002C17DA /* ChartViewModel.swift */,
			);
			path = ViewModels;
			sourceTree = "<group>";
		};
		43B36B2F2973CB78002C17DA /* Utilities */ = {
			isa = PBXGroup;
			children = (
				43B36B302973CB8C002C17DA /* Extensions */,
				430247B7297534F70055E4F1 /* Common.swift */,
			);
			path = Utilities;
			sourceTree = "<group>";
		};
		43B36B302973CB8C002C17DA /* Extensions */ = {
			isa = PBXGroup;
			children = (
				43B36B312973CB98002C17DA /* DateExtension.swift */,
			);
			path = Extensions;
			sourceTree = "<group>";
		};
		43F4C72B2972CA880002FEEF = {
			isa = PBXGroup;
			children = (
				43F4C7362972CA880002FEEF /* NateApp */,
				43F4C7352972CA880002FEEF /* Products */,
			);
			sourceTree = "<group>";
		};
		43F4C7352972CA880002FEEF /* Products */ = {
			isa = PBXGroup;
			children = (
				43F4C7342972CA880002FEEF /* NateApp.app */,
			);
			name = Products;
			sourceTree = "<group>";
		};
		43F4C7362972CA880002FEEF /* NateApp */ = {
			isa = PBXGroup;
			children = (
				43F4C7372972CA880002FEEF /* NateApp.swift */,
				43B36B0A2972F032002C17DA /* MainView */,
				43B36B16297308DF002C17DA /* Features */,
				43B36B2F2973CB78002C17DA /* Utilities */,
				43F4C73B2972CA8A0002FEEF /* Assets.xcassets */,
				43F4C73D2972CA8A0002FEEF /* Preview Content */,
			);
			path = NateApp;
			sourceTree = "<group>";
		};
		43F4C73D2972CA8A0002FEEF /* Preview Content */ = {
			isa = PBXGroup;
			children = (
				43F4C73E2972CA8A0002FEEF /* Preview Assets.xcassets */,
			);
			path = "Preview Content";
			sourceTree = "<group>";
		};
/* End PBXGroup section */

/* Begin PBXNativeTarget section */
		43F4C7332972CA880002FEEF /* NateApp */ = {
			isa = PBXNativeTarget;
			buildConfigurationList = 43F4C7422972CA8A0002FEEF /* Build configuration list for PBXNativeTarget "NateApp" */;
			buildPhases = (
				43F4C7302972CA880002FEEF /* Sources */,
				43F4C7312972CA880002FEEF /* Frameworks */,
				43F4C7322972CA880002FEEF /* Resources */,
			);
			buildRules = (
			);
			dependencies = (
			);
			name = NateApp;
			productName = NateApp;
			productReference = 43F4C7342972CA880002FEEF /* NateApp.app */;
			productType = "com.apple.product-type.application";
		};
/* End PBXNativeTarget section */

/* Begin PBXProject section */
		43F4C72C2972CA880002FEEF /* Project object */ = {
			isa = PBXProject;
			attributes = {
				BuildIndependentTargetsInParallel = 1;
				LastSwiftUpdateCheck = 1420;
				LastUpgradeCheck = 1420;
				TargetAttributes = {
					43F4C7332972CA880002FEEF = {
						CreatedOnToolsVersion = 14.2;
					};
				};
			};
			buildConfigurationList = 43F4C72F2972CA880002FEEF /* Build configuration list for PBXProject "NateApp" */;
			compatibilityVersion = "Xcode 14.0";
			developmentRegion = en;
			hasScannedForEncodings = 0;
			knownRegions = (
				en,
				Base,
			);
			mainGroup = 43F4C72B2972CA880002FEEF;
			productRefGroup = 43F4C7352972CA880002FEEF /* Products */;
			projectDirPath = "";
			projectRoot = "";
			targets = (
				43F4C7332972CA880002FEEF /* NateApp */,
			);
		};
/* End PBXProject section */

/* Begin PBXResourcesBuildPhase section */
		43F4C7322972CA880002FEEF /* Resources */ = {
			isa = PBXResourcesBuildPhase;
			buildActionMask = 2147483647;
			files = (
				43F4C73F2972CA8A0002FEEF /* Preview Assets.xcassets in Resources */,
				43F4C73C2972CA8A0002FEEF /* Assets.xcassets in Resources */,
			);
			runOnlyForDeploymentPostprocessing = 0;
		};
/* End PBXResourcesBuildPhase section */

/* Begin PBXSourcesBuildPhase section */
		43F4C7302972CA880002FEEF /* Sources */ = {
			isa = PBXSourcesBuildPhase;
			buildActionMask = 2147483647;
			files = (
				430247B8297534F70055E4F1 /* Common.swift in Sources */,
				430247B2297441270055E4F1 /* PhotoPicker.swift in Sources */,
				43B36B1D2973B30A002C17DA /* GradientViewModel.swift in Sources */,
				43B36B322973CB98002C17DA /* DateExtension.swift in Sources */,
				43B36B292973CA15002C17DA /* UnitPointChoice.swift in Sources */,
				43B36B2E2973CA99002C17DA /* ChartViewModel.swift in Sources */,
				43F4C73A2972CA880002FEEF /* FeatureListView.swift in Sources */,
				43F4C7382972CA880002FEEF /* NateApp.swift in Sources */,
				43B36B202973C80F002C17DA /* ChartView.swift in Sources */,
				43B36B1929730907002C17DA /* GradientView.swift in Sources */,
				43B36B122972F668002C17DA /* FeatureCategories.swift in Sources */,
				430247B629750E8D0055E4F1 /* AnimationsView.swift in Sources */,
				43B36B262973C92E002C17DA /* FeatureDetailView.swift in Sources */,
				43B36B092972F02D002C17DA /* MainViewModel.swift in Sources */,
				430247B02974410E0055E4F1 /* PhotoPickerView.swift in Sources */,
				43B36B232973C879002C17DA /* MonthViews.swift in Sources */,
			);
			runOnlyForDeploymentPostprocessing = 0;
		};
/* End PBXSourcesBuildPhase section */

/* Begin XCBuildConfiguration section */
		43F4C7402972CA8A0002FEEF /* Debug */ = {
			isa = XCBuildConfiguration;
			buildSettings = {
				ALWAYS_SEARCH_USER_PATHS = NO;
				CLANG_ANALYZER_NONNULL = YES;
				CLANG_ANALYZER_NUMBER_OBJECT_CONVERSION = YES_AGGRESSIVE;
				CLANG_CXX_LANGUAGE_STANDARD = "gnu++20";
				CLANG_ENABLE_MODULES = YES;
				CLANG_ENABLE_OBJC_ARC = YES;
				CLANG_ENABLE_OBJC_WEAK = YES;
				CLANG_WARN_BLOCK_CAPTURE_AUTORELEASING = YES;
				CLANG_WARN_BOOL_CONVERSION = YES;
				CLANG_WARN_COMMA = YES;
				CLANG_WARN_CONSTANT_CONVERSION = YES;
				CLANG_WARN_DEPRECATED_OBJC_IMPLEMENTATIONS = YES;
				CLANG_WARN_DIRECT_OBJC_ISA_USAGE = YES_ERROR;
				CLANG_WARN_DOCUMENTATION_COMMENTS = YES;
				CLANG_WARN_EMPTY_BODY = YES;
				CLANG_WARN_ENUM_CONVERSION = YES;
				CLANG_WARN_INFINITE_RECURSION = YES;
				CLANG_WARN_INT_CONVERSION = YES;
				CLANG_WARN_NON_LITERAL_NULL_CONVERSION = YES;
				CLANG_WARN_OBJC_IMPLICIT_RETAIN_SELF = YES;
				CLANG_WARN_OBJC_LITERAL_CONVERSION = YES;
				CLANG_WARN_OBJC_ROOT_CLASS = YES_ERROR;
				CLANG_WARN_QUOTED_INCLUDE_IN_FRAMEWORK_HEADER = YES;
				CLANG_WARN_RANGE_LOOP_ANALYSIS = YES;
				CLANG_WARN_STRICT_PROTOTYPES = YES;
				CLANG_WARN_SUSPICIOUS_MOVE = YES;
				CLANG_WARN_UNGUARDED_AVAILABILITY = YES_AGGRESSIVE;
				CLANG_WARN_UNREACHABLE_CODE = YES;
				CLANG_WARN__DUPLICATE_METHOD_MATCH = YES;
				COPY_PHASE_STRIP = NO;
				DEBUG_INFORMATION_FORMAT = dwarf;
				ENABLE_STRICT_OBJC_MSGSEND = YES;
				ENABLE_TESTABILITY = YES;
				GCC_C_LANGUAGE_STANDARD = gnu11;
				GCC_DYNAMIC_NO_PIC = NO;
				GCC_NO_COMMON_BLOCKS = YES;
				GCC_OPTIMIZATION_LEVEL = 0;
				GCC_PREPROCESSOR_DEFINITIONS = (
					"DEBUG=1",
					"$(inherited)",
				);
				GCC_WARN_64_TO_32_BIT_CONVERSION = YES;
				GCC_WARN_ABOUT_RETURN_TYPE = YES_ERROR;
				GCC_WARN_UNDECLARED_SELECTOR = YES;
				GCC_WARN_UNINITIALIZED_AUTOS = YES_AGGRESSIVE;
				GCC_WARN_UNUSED_FUNCTION = YES;
				GCC_WARN_UNUSED_VARIABLE = YES;
				IPHONEOS_DEPLOYMENT_TARGET = 16.2;
				MTL_ENABLE_DEBUG_INFO = INCLUDE_SOURCE;
				MTL_FAST_MATH = YES;
				ONLY_ACTIVE_ARCH = YES;
				SDKROOT = iphoneos;
				SWIFT_ACTIVE_COMPILATION_CONDITIONS = DEBUG;
				SWIFT_OPTIMIZATION_LEVEL = "-Onone";
			};
			name = Debug;
		};
		43F4C7412972CA8A0002FEEF /* Release */ = {
			isa = XCBuildConfiguration;
			buildSettings = {
				ALWAYS_SEARCH_USER_PATHS = NO;
				CLANG_ANALYZER_NONNULL = YES;
				CLANG_ANALYZER_NUMBER_OBJECT_CONVERSION = YES_AGGRESSIVE;
				CLANG_CXX_LANGUAGE_STANDARD = "gnu++20";
				CLANG_ENABLE_MODULES = YES;
				CLANG_ENABLE_OBJC_ARC = YES;
				CLANG_ENABLE_OBJC_WEAK = YES;
				CLANG_WARN_BLOCK_CAPTURE_AUTORELEASING = YES;
				CLANG_WARN_BOOL_CONVERSION = YES;
				CLANG_WARN_COMMA = YES;
				CLANG_WARN_CONSTANT_CONVERSION = YES;
				CLANG_WARN_DEPRECATED_OBJC_IMPLEMENTATIONS = YES;
				CLANG_WARN_DIRECT_OBJC_ISA_USAGE = YES_ERROR;
				CLANG_WARN_DOCUMENTATION_COMMENTS = YES;
				CLANG_WARN_EMPTY_BODY = YES;
				CLANG_WARN_ENUM_CONVERSION = YES;
				CLANG_WARN_INFINITE_RECURSION = YES;
				CLANG_WARN_INT_CONVERSION = YES;
				CLANG_WARN_NON_LITERAL_NULL_CONVERSION = YES;
				CLANG_WARN_OBJC_IMPLICIT_RETAIN_SELF = YES;
				CLANG_WARN_OBJC_LITERAL_CONVERSION = YES;
				CLANG_WARN_OBJC_ROOT_CLASS = YES_ERROR;
				CLANG_WARN_QUOTED_INCLUDE_IN_FRAMEWORK_HEADER = YES;
				CLANG_WARN_RANGE_LOOP_ANALYSIS = YES;
				CLANG_WARN_STRICT_PROTOTYPES = YES;
				CLANG_WARN_SUSPICIOUS_MOVE = YES;
				CLANG_WARN_UNGUARDED_AVAILABILITY = YES_AGGRESSIVE;
				CLANG_WARN_UNREACHABLE_CODE = YES;
				CLANG_WARN__DUPLICATE_METHOD_MATCH = YES;
				COPY_PHASE_STRIP = NO;
				DEBUG_INFORMATION_FORMAT = "dwarf-with-dsym";
				ENABLE_NS_ASSERTIONS = NO;
				ENABLE_STRICT_OBJC_MSGSEND = YES;
				GCC_C_LANGUAGE_STANDARD = gnu11;
				GCC_NO_COMMON_BLOCKS = YES;
				GCC_WARN_64_TO_32_BIT_CONVERSION = YES;
				GCC_WARN_ABOUT_RETURN_TYPE = YES_ERROR;
				GCC_WARN_UNDECLARED_SELECTOR = YES;
				GCC_WARN_UNINITIALIZED_AUTOS = YES_AGGRESSIVE;
				GCC_WARN_UNUSED_FUNCTION = YES;
				GCC_WARN_UNUSED_VARIABLE = YES;
				IPHONEOS_DEPLOYMENT_TARGET = 16.2;
				MTL_ENABLE_DEBUG_INFO = NO;
				MTL_FAST_MATH = YES;
				SDKROOT = iphoneos;
				SWIFT_COMPILATION_MODE = wholemodule;
				SWIFT_OPTIMIZATION_LEVEL = "-O";
				VALIDATE_PRODUCT = YES;
			};
			name = Release;
		};
		43F4C7432972CA8A0002FEEF /* Debug */ = {
			isa = XCBuildConfiguration;
			buildSettings = {
				ASSETCATALOG_COMPILER_APPICON_NAME = AppIcon;
				ASSETCATALOG_COMPILER_GLOBAL_ACCENT_COLOR_NAME = AccentColor;
				CODE_SIGN_STYLE = Automatic;
				CURRENT_PROJECT_VERSION = 1;
				DEVELOPMENT_ASSET_PATHS = "\"NateApp/Preview Content\"";
				DEVELOPMENT_TEAM = KMTXVH4GTQ;
				ENABLE_PREVIEWS = YES;
				GENERATE_INFOPLIST_FILE = YES;
				INFOPLIST_KEY_UIApplicationSceneManifest_Generation = YES;
				INFOPLIST_KEY_UIApplicationSupportsIndirectInputEvents = YES;
				INFOPLIST_KEY_UILaunchScreen_Generation = YES;
				INFOPLIST_KEY_UISupportedInterfaceOrientations = UIInterfaceOrientationPortrait;
				LD_RUNPATH_SEARCH_PATHS = (
					"$(inherited)",
					"@executable_path/Frameworks",
				);
				MARKETING_VERSION = 1.0;
				PRODUCT_BUNDLE_IDENTIFIER = ngsison.NateApp;
				PRODUCT_NAME = "$(TARGET_NAME)";
				SWIFT_EMIT_LOC_STRINGS = YES;
				SWIFT_VERSION = 5.0;
				TARGETED_DEVICE_FAMILY = "1,2";
			};
			name = Debug;
		};
		43F4C7442972CA8A0002FEEF /* Release */ = {
			isa = XCBuildConfiguration;
			buildSettings = {
				ASSETCATALOG_COMPILER_APPICON_NAME = AppIcon;
				ASSETCATALOG_COMPILER_GLOBAL_ACCENT_COLOR_NAME = AccentColor;
				CODE_SIGN_STYLE = Automatic;
				CURRENT_PROJECT_VERSION = 1;
				DEVELOPMENT_ASSET_PATHS = "\"NateApp/Preview Content\"";
				DEVELOPMENT_TEAM = KMTXVH4GTQ;
				ENABLE_PREVIEWS = YES;
				GENERATE_INFOPLIST_FILE = YES;
				INFOPLIST_KEY_UIApplicationSceneManifest_Generation = YES;
				INFOPLIST_KEY_UIApplicationSupportsIndirectInputEvents = YES;
				INFOPLIST_KEY_UILaunchScreen_Generation = YES;
				INFOPLIST_KEY_UISupportedInterfaceOrientations = UIInterfaceOrientationPortrait;
				LD_RUNPATH_SEARCH_PATHS = (
					"$(inherited)",
					"@executable_path/Frameworks",
				);
				MARKETING_VERSION = 1.0;
				PRODUCT_BUNDLE_IDENTIFIER = ngsison.NateApp;
				PRODUCT_NAME = "$(TARGET_NAME)";
				SWIFT_EMIT_LOC_STRINGS = YES;
				SWIFT_VERSION = 5.0;
				TARGETED_DEVICE_FAMILY = "1,2";
			};
			name = Release;
		};
/* End XCBuildConfiguration section */

/* Begin XCConfigurationList section */
		43F4C72F2972CA880002FEEF /* Build configuration list for PBXProject "NateApp" */ = {
			isa = XCConfigurationList;
			buildConfigurations = (
				43F4C7402972CA8A0002FEEF /* Debug */,
				43F4C7412972CA8A0002FEEF /* Release */,
			);
			defaultConfigurationIsVisible = 0;
			defaultConfigurationName = Release;
		};
		43F4C7422972CA8A0002FEEF /* Build configuration list for PBXNativeTarget "NateApp" */ = {
			isa = XCConfigurationList;
			buildConfigurations = (
				43F4C7432972CA8A0002FEEF /* Debug */,
				43F4C7442972CA8A0002FEEF /* Release */,
			);
			defaultConfigurationIsVisible = 0;
			defaultConfigurationName = Release;
		};
/* End XCConfigurationList section */
	};
	rootObject = 43F4C72C2972CA880002FEEF /* Project object */;
}
